
Microsoft Visual Studio Solution File, Format Version 12.00
# Visual Studio Version 17
VisualStudioVersion = 17.8.35827.206
MinimumVisualStudioVersion = 10.0.40219.1
Project("{8BC9CEB8-8B4A-11D0-8D11-00A0C91BC942}") = "FirstOpenglProject", "FirstOpenglProject\FirstOpenglProject.vcxproj", "{75516525-7394-4CCC-B947-F5F8AC78A6A2}"
EndProject
Global
	GlobalSection(SolutionConfigurationPlatforms) = preSolution
		Debug|x64 = Debug|x64
		Debug|x86 = Debug|x86
		Release|x64 = Release|x64
		Release|x86 = Release|x86
	EndGlobalSection
	GlobalSection(ProjectConfigurationPlatforms) = postSolution
		{75516525-7394-4CCC-B947-F5F8AC78A6A2}.Debug|x64.ActiveCfg = Debug|x64
		{75516525-7394-4CCC-B947-F5F8AC78A6A2}.Debug|x64.Build.0 = Debug|x64
		{75516525-7394-4CCC-B947-F5F8AC78A6A2}.Debug|x86.ActiveCfg = Debug|Win32
		{75516525-7394-4CCC-B947-F5F8AC78A6A2}.Debug|x86.Build.0 = Debug|Win32
		{75516525-7394-4CCC-B947-F5F8AC78A6A2}.Release|x64.ActiveCfg = Release|x64
		{75516525-7394-4CCC-B947-F5F8AC78A6A2}.Release|x64.Build.0 = Release|x64
		{75516525-7394-4CCC-B947-F5F8AC78A6A2}.Release|x86.ActiveCfg = Release|Win32
		{75516525-7394-4CCC-B947-F5F8AC78A6A2}.Release|x86.Build.0 = Release|Win32
	EndGlobalSection
	GlobalSection(SolutionProperties) = preSolution
		HideSolutionNode = FALSE
	EndGlobalSection
	GlobalSection(ExtensibilityGlobals) = postSolution
		SolutionGuid = {D15DB923-9222-4AFD-A3FB-8FB7B39F95F8}
	EndGlobalSection
EndGlobal
